
Microsoft Visual Studio Solution File, Format Version 12.00
# Visual Studio 2012
Project("{FAE04EC0-301F-11D3-BF4B-00C04F79EFBC}") = "WeatherBizTalkService", "WeatherBizTalkService\WeatherBizTalkService.csproj", "{70895FBF-3D94-41CB-9EC2-A1086770DC29}"
EndProject
Global
	GlobalSection(SolutionConfigurationPlatforms) = preSolution
		Debug|Any CPU = Debug|Any CPU
		Release|Any CPU = Release|Any CPU
	EndGlobalSection
	GlobalSection(ProjectConfigurationPlatforms) = postSolution
		{70895FBF-3D94-41CB-9EC2-A1086770DC29}.Debug|Any CPU.ActiveCfg = Debug|Any CPU
		{70895FBF-3D94-41CB-9EC2-A1086770DC29}.Debug|Any CPU.Build.0 = Debug|Any CPU
		{70895FBF-3D94-41CB-9EC2-A1086770DC29}.Debug|Any CPU.Deploy.0 = Debug|Any CPU
		{70895FBF-3D94-41CB-9EC2-A1086770DC29}.Release|Any CPU.ActiveCfg = Release|Any CPU
		{70895FBF-3D94-41CB-9EC2-A1086770DC29}.Release|Any CPU.Build.0 = Release|Any CPU
		{70895FBF-3D94-41CB-9EC2-A1086770DC29}.Release|Any CPU.Deploy.0 = Release|Any CPU
	EndGlobalSection
	GlobalSection(SolutionProperties) = preSolution
		HideSolutionNode = FALSE
	EndGlobalSection
EndGlobal
